
Microsoft Visual Studio Solution File, Format Version 12.00
# Visual Studio Version 17
VisualStudioVersion = 17.7.34018.315
MinimumVisualStudioVersion = 10.0.40219.1
Project("{FAE04EC0-301F-11D3-BF4B-00C04F79EFBC}") = "CustomItems-SFA", "CustomItems-SFA\CustomItems-SFA.csproj", "{51C00DE7-5F46-4111-8C8D-D65ACD6EAFB8}"
EndProject
Global
	GlobalSection(SolutionConfigurationPlatforms) = preSolution
		Debug|Any CPU = Debug|Any CPU
		Release|Any CPU = Release|Any CPU
	EndGlobalSection
	GlobalSection(ProjectConfigurationPlatforms) = postSolution
		{51C00DE7-5F46-4111-8C8D-D65ACD6EAFB8}.Debug|Any CPU.ActiveCfg = Debug|Any CPU
		{51C00DE7-5F46-4111-8C8D-D65ACD6EAFB8}.Debug|Any CPU.Build.0 = Debug|Any CPU
		{51C00DE7-5F46-4111-8C8D-D65ACD6EAFB8}.Release|Any CPU.ActiveCfg = Release|Any CPU
		{51C00DE7-5F46-4111-8C8D-D65ACD6EAFB8}.Release|Any CPU.Build.0 = Release|Any CPU
	EndGlobalSection
	GlobalSection(SolutionProperties) = preSolution
		HideSolutionNode = FALSE
	EndGlobalSection
	GlobalSection(ExtensibilityGlobals) = postSolution
		SolutionGuid = {C472BE27-6CEF-4C13-93A7-34C50D6B2540}
	EndGlobalSection
EndGlobal
